
Microsoft Visual Studio Solution File, Format Version 12.00
# Visual Studio Version 17
VisualStudioVersion = 17.1.32421.90
MinimumVisualStudioVersion = 10.0.40219.1
Project("{9A19103F-16F7-4668-BE54-9A1E7A4F7556}") = "RentalHouseWebApp", "RentalHouseWebApp\RentalHouseWebApp.csproj", "{664E9725-3A5C-40D5-9964-2A309A69B2AF}"
EndProject
Global
	GlobalSection(SolutionConfigurationPlatforms) = preSolution
		Debug|Any CPU = Debug|Any CPU
		Release|Any CPU = Release|Any CPU
	EndGlobalSection
	GlobalSection(ProjectConfigurationPlatforms) = postSolution
		{664E9725-3A5C-40D5-9964-2A309A69B2AF}.Debug|Any CPU.ActiveCfg = Debug|Any CPU
		{664E9725-3A5C-40D5-9964-2A309A69B2AF}.Debug|Any CPU.Build.0 = Debug|Any CPU
		{664E9725-3A5C-40D5-9964-2A309A69B2AF}.Release|Any CPU.ActiveCfg = Release|Any CPU
		{664E9725-3A5C-40D5-9964-2A309A69B2AF}.Release|Any CPU.Build.0 = Release|Any CPU
	EndGlobalSection
	GlobalSection(SolutionProperties) = preSolution
		HideSolutionNode = FALSE
	EndGlobalSection
	GlobalSection(ExtensibilityGlobals) = postSolution
		SolutionGuid = {BE254918-7C93-44CA-8603-5DEA4C48A35A}
	EndGlobalSection
EndGlobal
